
Microsoft Visual Studio Solution File, Format Version 12.00
# Visual Studio Version 17
VisualStudioVersion = 17.5.33424.131
MinimumVisualStudioVersion = 10.0.40219.1
Project("{9A19103F-16F7-4668-BE54-9A1E7A4F7556}") = "Models", "Models\Models.csproj", "{604ED1C0-9158-43E4-8399-26281EF044F4}"
EndProject
Project("{9A19103F-16F7-4668-BE54-9A1E7A4F7556}") = "Models.Tests", "Models.Tests\Models.Tests.csproj", "{9F17CF6B-0D2B-4097-8742-47875832A3E2}"
EndProject
Project("{9A19103F-16F7-4668-BE54-9A1E7A4F7556}") = "OpenWeatherMap", "OpenWeatherMap\OpenWeatherMap.csproj", "{75989B79-E9A9-44F0-8902-9004F5A2C218}"
EndProject
Project("{9A19103F-16F7-4668-BE54-9A1E7A4F7556}") = "Abstractions", "Abstractions\Abstractions.csproj", "{D7212F4A-6601-4219-B8D1-520DEAD94CEB}"
EndProject
Project("{9A19103F-16F7-4668-BE54-9A1E7A4F7556}") = "OpenWeatherMap.Tests", "OpenWeatherMap.Tests\OpenWeatherMap.Tests.csproj", "{4838A15D-34EA-4183-9C45-5CB0C9418126}"
EndProject
Project("{9A19103F-16F7-4668-BE54-9A1E7A4F7556}") = "Logic", "Logic\Logic.csproj", "{3EC79A25-E822-4415-8928-5BD02889B738}"
EndProject
Project("{9A19103F-16F7-4668-BE54-9A1E7A4F7556}") = "Logic.Tests", "Logic.Tests\Logic.Tests.csproj", "{43745BEA-226B-4B20-9183-F709407A94D5}"
EndProject
Project("{9A19103F-16F7-4668-BE54-9A1E7A4F7556}") = "WebAPI", "WebAPI\WebAPI.csproj", "{1BDAEC69-95CB-4347-956C-231883C4AF01}"
EndProject
Project("{FAE04EC0-301F-11D3-BF4B-00C04F79EFBC}") = "WebAPI.Tests", "WebAPI.Tests\WebAPI.Tests.csproj", "{94ACD644-77F3-4622-AD2B-80B3FB29643E}"
EndProject
Global
	GlobalSection(SolutionConfigurationPlatforms) = preSolution
		Debug|x64 = Debug|x64
		Debug|x64 = Debug|x64
		Release|x64 = Release|x64
		Release|x64 = Release|x64
	EndGlobalSection
	GlobalSection(ProjectConfigurationPlatforms) = postSolution
		{604ED1C0-9158-43E4-8399-26281EF044F4}.Debug|x64.ActiveCfg = Debug|x64
		{604ED1C0-9158-43E4-8399-26281EF044F4}.Debug|x64.Build.0 = Debug|x64
		{604ED1C0-9158-43E4-8399-26281EF044F4}.Debug|x64.ActiveCfg = Debug|x64
		{604ED1C0-9158-43E4-8399-26281EF044F4}.Debug|x64.Build.0 = Debug|x64
		{604ED1C0-9158-43E4-8399-26281EF044F4}.Release|x64.ActiveCfg = Release|x64
		{604ED1C0-9158-43E4-8399-26281EF044F4}.Release|x64.Build.0 = Release|x64
		{604ED1C0-9158-43E4-8399-26281EF044F4}.Release|x64.ActiveCfg = Release|x64
		{604ED1C0-9158-43E4-8399-26281EF044F4}.Release|x64.Build.0 = Release|x64
		{9F17CF6B-0D2B-4097-8742-47875832A3E2}.Debug|x64.ActiveCfg = Debug|x64
		{9F17CF6B-0D2B-4097-8742-47875832A3E2}.Debug|x64.Build.0 = Debug|x64
		{9F17CF6B-0D2B-4097-8742-47875832A3E2}.Debug|x64.ActiveCfg = Debug|x64
		{9F17CF6B-0D2B-4097-8742-47875832A3E2}.Debug|x64.Build.0 = Debug|x64
		{9F17CF6B-0D2B-4097-8742-47875832A3E2}.Release|x64.ActiveCfg = Release|x64
		{9F17CF6B-0D2B-4097-8742-47875832A3E2}.Release|x64.Build.0 = Release|x64
		{9F17CF6B-0D2B-4097-8742-47875832A3E2}.Release|x64.ActiveCfg = Release|x64
		{9F17CF6B-0D2B-4097-8742-47875832A3E2}.Release|x64.Build.0 = Release|x64
		{75989B79-E9A9-44F0-8902-9004F5A2C218}.Debug|x64.ActiveCfg = Debug|x64
		{75989B79-E9A9-44F0-8902-9004F5A2C218}.Debug|x64.Build.0 = Debug|x64
		{75989B79-E9A9-44F0-8902-9004F5A2C218}.Debug|x64.ActiveCfg = Debug|x64
		{75989B79-E9A9-44F0-8902-9004F5A2C218}.Debug|x64.Build.0 = Debug|x64
		{75989B79-E9A9-44F0-8902-9004F5A2C218}.Release|x64.ActiveCfg = Release|x64
		{75989B79-E9A9-44F0-8902-9004F5A2C218}.Release|x64.Build.0 = Release|x64
		{75989B79-E9A9-44F0-8902-9004F5A2C218}.Release|x64.ActiveCfg = Release|x64
		{75989B79-E9A9-44F0-8902-9004F5A2C218}.Release|x64.Build.0 = Release|x64
		{D7212F4A-6601-4219-B8D1-520DEAD94CEB}.Debug|x64.ActiveCfg = Debug|x64
		{D7212F4A-6601-4219-B8D1-520DEAD94CEB}.Debug|x64.Build.0 = Debug|x64
		{D7212F4A-6601-4219-B8D1-520DEAD94CEB}.Debug|x64.ActiveCfg = Debug|x64
		{D7212F4A-6601-4219-B8D1-520DEAD94CEB}.Debug|x64.Build.0 = Debug|x64
		{D7212F4A-6601-4219-B8D1-520DEAD94CEB}.Release|x64.ActiveCfg = Release|x64
		{D7212F4A-6601-4219-B8D1-520DEAD94CEB}.Release|x64.Build.0 = Release|x64
		{D7212F4A-6601-4219-B8D1-520DEAD94CEB}.Release|x64.ActiveCfg = Release|x64
		{D7212F4A-6601-4219-B8D1-520DEAD94CEB}.Release|x64.Build.0 = Release|x64
		{4838A15D-34EA-4183-9C45-5CB0C9418126}.Debug|x64.ActiveCfg = Debug|x64
		{4838A15D-34EA-4183-9C45-5CB0C9418126}.Debug|x64.Build.0 = Debug|x64
		{4838A15D-34EA-4183-9C45-5CB0C9418126}.Debug|x64.ActiveCfg = Debug|x64
		{4838A15D-34EA-4183-9C45-5CB0C9418126}.Debug|x64.Build.0 = Debug|x64
		{4838A15D-34EA-4183-9C45-5CB0C9418126}.Release|x64.ActiveCfg = Release|x64
		{4838A15D-34EA-4183-9C45-5CB0C9418126}.Release|x64.Build.0 = Release|x64
		{4838A15D-34EA-4183-9C45-5CB0C9418126}.Release|x64.ActiveCfg = Release|x64
		{4838A15D-34EA-4183-9C45-5CB0C9418126}.Release|x64.Build.0 = Release|x64
		{3EC79A25-E822-4415-8928-5BD02889B738}.Debug|x64.ActiveCfg = Debug|x64
		{3EC79A25-E822-4415-8928-5BD02889B738}.Debug|x64.Build.0 = Debug|x64
		{3EC79A25-E822-4415-8928-5BD02889B738}.Debug|x64.ActiveCfg = Debug|x64
		{3EC79A25-E822-4415-8928-5BD02889B738}.Debug|x64.Build.0 = Debug|x64
		{3EC79A25-E822-4415-8928-5BD02889B738}.Release|x64.ActiveCfg = Release|x64
		{3EC79A25-E822-4415-8928-5BD02889B738}.Release|x64.Build.0 = Release|x64
		{3EC79A25-E822-4415-8928-5BD02889B738}.Release|x64.ActiveCfg = Release|x64
		{3EC79A25-E822-4415-8928-5BD02889B738}.Release|x64.Build.0 = Release|x64
		{43745BEA-226B-4B20-9183-F709407A94D5}.Debug|x64.ActiveCfg = Debug|x64
		{43745BEA-226B-4B20-9183-F709407A94D5}.Debug|x64.Build.0 = Debug|x64
		{43745BEA-226B-4B20-9183-F709407A94D5}.Debug|x64.ActiveCfg = Debug|x64
		{43745BEA-226B-4B20-9183-F709407A94D5}.Debug|x64.Build.0 = Debug|x64
		{43745BEA-226B-4B20-9183-F709407A94D5}.Release|x64.ActiveCfg = Release|x64
		{43745BEA-226B-4B20-9183-F709407A94D5}.Release|x64.Build.0 = Release|x64
		{43745BEA-226B-4B20-9183-F709407A94D5}.Release|x64.ActiveCfg = Release|x64
		{43745BEA-226B-4B20-9183-F709407A94D5}.Release|x64.Build.0 = Release|x64
		{1BDAEC69-95CB-4347-956C-231883C4AF01}.Debug|x64.ActiveCfg = Debug|x64
		{1BDAEC69-95CB-4347-956C-231883C4AF01}.Debug|x64.Build.0 = Debug|x64
		{1BDAEC69-95CB-4347-956C-231883C4AF01}.Debug|x64.ActiveCfg = Debug|x64
		{1BDAEC69-95CB-4347-956C-231883C4AF01}.Debug|x64.Build.0 = Debug|x64
		{1BDAEC69-95CB-4347-956C-231883C4AF01}.Release|x64.ActiveCfg = Release|x64
		{1BDAEC69-95CB-4347-956C-231883C4AF01}.Release|x64.Build.0 = Release|x64
		{1BDAEC69-95CB-4347-956C-231883C4AF01}.Release|x64.ActiveCfg = Release|x64
		{1BDAEC69-95CB-4347-956C-231883C4AF01}.Release|x64.Build.0 = Release|x64
		{94ACD644-77F3-4622-AD2B-80B3FB29643E}.Debug|x64.ActiveCfg = Debug|x64
		{94ACD644-77F3-4622-AD2B-80B3FB29643E}.Debug|x64.Build.0 = Debug|x64
		{94ACD644-77F3-4622-AD2B-80B3FB29643E}.Debug|x64.ActiveCfg = Debug|x64
		{94ACD644-77F3-4622-AD2B-80B3FB29643E}.Debug|x64.Build.0 = Debug|x64
		{94ACD644-77F3-4622-AD2B-80B3FB29643E}.Release|x64.ActiveCfg = Release|x64
		{94ACD644-77F3-4622-AD2B-80B3FB29643E}.Release|x64.Build.0 = Release|x64
		{94ACD644-77F3-4622-AD2B-80B3FB29643E}.Release|x64.ActiveCfg = Release|x64
		{94ACD644-77F3-4622-AD2B-80B3FB29643E}.Release|x64.Build.0 = Release|x64
	EndGlobalSection
	GlobalSection(SolutionProperties) = preSolution
		HideSolutionNode = FALSE
	EndGlobalSection
	GlobalSection(ExtensibilityGlobals) = postSolution
		SolutionGuid = {315B8A05-9CBB-402F-84D3-382EC217EEEC}
	EndGlobalSection
EndGlobal
